// !$*UTF8*$!
{
	archiveVersion = 1;
	classes = {
	};
	objectVersion = 46;
	objects = {

/* Begin PBXBuildFile section */
		745A7D4520698D78009176A3 /* main.swift in Sources */ = {isa = PBXBuildFile; fileRef = 745A7D4420698D78009176A3 /* main.swift */; };
		745A7D4C20698DD2009176A3 /* Loja.swift in Sources */ = {isa = PBXBuildFile; fileRef = 745A7D4B20698DD2009176A3 /* Loja.swift */; };
		745A7D4E20698EEC009176A3 /* Livro.swift in Sources */ = {isa = PBXBuildFile; fileRef = 745A7D4D20698EEC009176A3 /* Livro.swift */; };
		745A7D5020698F98009176A3 /* Enum TipoLivro.swift in Sources */ = {isa = PBXBuildFile; fileRef = 745A7D4F20698F98009176A3 /* Enum TipoLivro.swift */; };
/* End PBXBuildFile section */

/* Begin PBXCopyFilesBuildPhase section */
		745A7D3F20698D78009176A3 /* CopyFiles */ = {
			isa = PBXCopyFilesBuildPhase;
			buildActionMask = 2147483647;
			dstPath = /usr/share/man/man1/;
			dstSubfolderSpec = 0;
			files = (
			);
			runOnlyForDeploymentPostprocessing = 1;
		};
/* End PBXCopyFilesBuildPhase section */

/* Begin PBXFileReference section */
		745A7D4120698D78009176A3 /* L02EX04 */ = {isa = PBXFileReference; explicitFileType = "compiled.mach-o.executable"; includeInIndex = 0; path = L02EX04; sourceTree = BUILT_PRODUCTS_DIR; };
		745A7D4420698D78009176A3 /* main.swift */ = {isa = PBXFileReference; lastKnownFileType = sourcecode.swift; path = main.swift; sourceTree = "<group>"; };
		745A7D4B20698DD2009176A3 /* Loja.swift */ = {isa = PBXFileReference; fileEncoding = 4; lastKnownFileType = sourcecode.swift; path = Loja.swift; sourceTree = "<group>"; };
		745A7D4D20698EEC009176A3 /* Livro.swift */ = {isa = PBXFileReference; fileEncoding = 4; lastKnownFileType = sourcecode.swift; path = Livro.swift; sourceTree = "<group>"; };
		745A7D4F20698F98009176A3 /* Enum TipoLivro.swift */ = {isa = PBXFileReference; fileEncoding = 4; lastKnownFileType = sourcecode.swift; path = "Enum TipoLivro.swift"; sourceTree = "<group>"; };
/* End PBXFileReference section */

/* Begin PBXFrameworksBuildPhase section */
		745A7D3E20698D78009176A3 /* Frameworks */ = {
			isa = PBXFrameworksBuildPhase;
			buildActionMask = 2147483647;
			files = (
			);
			runOnlyForDeploymentPostprocessing = 0;
		};
/* End PBXFrameworksBuildPhase section */

/* Begin PBXGroup section */
		745A7D3820698D78009176A3 = {
			isa = PBXGroup;
			children = (
				745A7D4320698D78009176A3 /* L02EX04 */,
				745A7D4220698D78009176A3 /* Products */,
			);
			sourceTree = "<group>";
		};
		745A7D4220698D78009176A3 /* Products */ = {
			isa = PBXGroup;
			children = (
				745A7D4120698D78009176A3 /* L02EX04 */,
			);
			name = Products;
			sourceTree = "<group>";
		};
		745A7D4320698D78009176A3 /* L02EX04 */ = {
			isa = PBXGroup;
			children = (
				745A7D4420698D78009176A3 /* main.swift */,
				745A7D4B20698DD2009176A3 /* Loja.swift */,
				745A7D4D20698EEC009176A3 /* Livro.swift */,
				745A7D4F20698F98009176A3 /* Enum TipoLivro.swift */,
			);
			path = L02EX04;
			sourceTree = "<group>";
		};
/* End PBXGroup section */

/* Begin PBXNativeTarget section */
		745A7D4020698D78009176A3 /* L02EX04 */ = {
			isa = PBXNativeTarget;
			buildConfigurationList = 745A7D4820698D78009176A3 /* Build configuration list for PBXNativeTarget "L02EX04" */;
			buildPhases = (
				745A7D3D20698D78009176A3 /* Sources */,
				745A7D3E20698D78009176A3 /* Frameworks */,
				745A7D3F20698D78009176A3 /* CopyFiles */,
			);
			buildRules = (
			);
			dependencies = (
			);
			name = L02EX04;
			productName = L02EX04;
			productReference = 745A7D4120698D78009176A3 /* L02EX04 */;
			productType = "com.apple.product-type.tool";
		};
/* End PBXNativeTarget section */

/* Begin PBXProject section */
		745A7D3920698D78009176A3 /* Project object */ = {
			isa = PBXProject;
			attributes = {
				LastSwiftUpdateCheck = 0810;
				LastUpgradeCheck = 0810;
				ORGANIZATIONNAME = naldinho0707;
				TargetAttributes = {
					745A7D4020698D78009176A3 = {
						CreatedOnToolsVersion = 8.1;
						ProvisioningStyle = Automatic;
					};
				};
			};
			buildConfigurationList = 745A7D3C20698D78009176A3 /* Build configuration list for PBXProject "L02EX04" */;
			compatibilityVersion = "Xcode 3.2";
			developmentRegion = English;
			hasScannedForEncodings = 0;
			knownRegions = (
				en,
			);
			mainGroup = 745A7D3820698D78009176A3;
			productRefGroup = 745A7D4220698D78009176A3 /* Products */;
			projectDirPath = "";
			projectRoot = "";
			targets = (
				745A7D4020698D78009176A3 /* L02EX04 */,
			);
		};
/* End PBXProject section */

/* Begin PBXSourcesBuildPhase section */
		745A7D3D20698D78009176A3 /* Sources */ = {
			isa = PBXSourcesBuildPhase;
			buildActionMask = 2147483647;
			files = (
				745A7D5020698F98009176A3 /* Enum TipoLivro.swift in Sources */,
				745A7D4E20698EEC009176A3 /* Livro.swift in Sources */,
				745A7D4520698D78009176A3 /* main.swift in Sources */,
				745A7D4C20698DD2009176A3 /* Loja.swift in Sources */,
			);
			runOnlyForDeploymentPostprocessing = 0;
		};
/* End PBXSourcesBuildPhase section */

/* Begin XCBuildConfiguration section */
		745A7D4620698D78009176A3 /* Debug */ = {
			isa = XCBuildConfiguration;
			buildSettings = {
				ALWAYS_SEARCH_USER_PATHS = NO;
				CLANG_ANALYZER_NONNULL = YES;
				CLANG_CXX_LANGUAGE_STANDARD = "gnu++0x";
				CLANG_CXX_LIBRARY = "libc++";
				CLANG_ENABLE_MODULES = YES;
				CLANG_ENABLE_OBJC_ARC = YES;
				CLANG_WARN_BOOL_CONVERSION = YES;
				CLANG_WARN_CONSTANT_CONVERSION = YES;
				CLANG_WARN_DIRECT_OBJC_ISA_USAGE = YES_ERROR;
				CLANG_WARN_DOCUMENTATION_COMMENTS = YES;
				CLANG_WARN_EMPTY_BODY = YES;
				CLANG_WARN_ENUM_CONVERSION = YES;
				CLANG_WARN_INFINITE_RECURSION = YES;
				CLANG_WARN_INT_CONVERSION = YES;
				CLANG_WARN_OBJC_ROOT_CLASS = YES_ERROR;
				CLANG_WARN_SUSPICIOUS_MOVES = YES;
				CLANG_WARN_UNREACHABLE_CODE = YES;
				CLANG_WARN__DUPLICATE_METHOD_MATCH = YES;
				CODE_SIGN_IDENTITY = "-";
				COPY_PHASE_STRIP = NO;
				DEBUG_INFORMATION_FORMAT = dwarf;
				ENABLE_STRICT_OBJC_MSGSEND = YES;
				ENABLE_TESTABILITY = YES;
				GCC_C_LANGUAGE_STANDARD = gnu99;
				GCC_DYNAMIC_NO_PIC = NO;
				GCC_NO_COMMON_BLOCKS = YES;
				GCC_OPTIMIZATION_LEVEL = 0;
				GCC_PREPROCESSOR_DEFINITIONS = (
					"DEBUG=1",
					"$(inherited)",
				);
				GCC_WARN_64_TO_32_BIT_CONVERSION = YES;
				GCC_WARN_ABOUT_RETURN_TYPE = YES_ERROR;
				GCC_WARN_UNDECLARED_SELECTOR = YES;
				GCC_WARN_UNINITIALIZED_AUTOS = YES_AGGRESSIVE;
				GCC_WARN_UNUSED_FUNCTION = YES;
				GCC_WARN_UNUSED_VARIABLE = YES;
				MACOSX_DEPLOYMENT_TARGET = 10.12;
				MTL_ENABLE_DEBUG_INFO = YES;
				ONLY_ACTIVE_ARCH = YES;
				SDKROOT = macosx;
				SWIFT_OPTIMIZATION_LEVEL = "-Onone";
			};
			name = Debug;
		};
		745A7D4720698D78009176A3 /* Release */ = {
			isa = XCBuildConfiguration;
			buildSettings = {
				ALWAYS_SEARCH_USER_PATHS = NO;
				CLANG_ANALYZER_NONNULL = YES;
				CLANG_CXX_LANGUAGE_STANDARD = "gnu++0x";
				CLANG_CXX_LIBRARY = "libc++";
				CLANG_ENABLE_MODULES = YES;
				CLANG_ENABLE_OBJC_ARC = YES;
				CLANG_WARN_BOOL_CONVERSION = YES;
				CLANG_WARN_CONSTANT_CONVERSION = YES;
				CLANG_WARN_DIRECT_OBJC_ISA_USAGE = YES_ERROR;
				CLANG_WARN_DOCUMENTATION_COMMENTS = YES;
				CLANG_WARN_EMPTY_BODY = YES;
				CLANG_WARN_ENUM_CONVERSION = YES;
				CLANG_WARN_INFINITE_RECURSION = YES;
				CLANG_WARN_INT_CONVERSION = YES;
				CLANG_WARN_OBJC_ROOT_CLASS = YES_ERROR;
				CLANG_WARN_SUSPICIOUS_MOVES = YES;
				CLANG_WARN_UNREACHABLE_CODE = YES;
				CLANG_WARN__DUPLICATE_METHOD_MATCH = YES;
				CODE_SIGN_IDENTITY = "-";
				COPY_PHASE_STRIP = NO;
				DEBUG_INFORMATION_FORMAT = "dwarf-with-dsym";
				ENABLE_NS_ASSERTIONS = NO;
				ENABLE_STRICT_OBJC_MSGSEND = YES;
				GCC_C_LANGUAGE_STANDARD = gnu99;
				GCC_NO_COMMON_BLOCKS = YES;
				GCC_WARN_64_TO_32_BIT_CONVERSION = YES;
				GCC_WARN_ABOUT_RETURN_TYPE = YES_ERROR;
				GCC_WARN_UNDECLARED_SELECTOR = YES;
				GCC_WARN_UNINITIALIZED_AUTOS = YES_AGGRESSIVE;
				GCC_WARN_UNUSED_FUNCTION = YES;
				GCC_WARN_UNUSED_VARIABLE = YES;
				MACOSX_DEPLOYMENT_TARGET = 10.12;
				MTL_ENABLE_DEBUG_INFO = NO;
				SDKROOT = macosx;
			};
			name = Release;
		};
		745A7D4920698D78009176A3 /* Debug */ = {
			isa = XCBuildConfiguration;
			buildSettings = {
				PRODUCT_NAME = "$(TARGET_NAME)";
				SWIFT_VERSION = 3.0;
			};
			name = Debug;
		};
		745A7D4A20698D78009176A3 /* Release */ = {
			isa = XCBuildConfiguration;
			buildSettings = {
				PRODUCT_NAME = "$(TARGET_NAME)";
				SWIFT_VERSION = 3.0;
			};
			name = Release;
		};
/* End XCBuildConfiguration section */

/* Begin XCConfigurationList section */
		745A7D3C20698D78009176A3 /* Build configuration list for PBXProject "L02EX04" */ = {
			isa = XCConfigurationList;
			buildConfigurations = (
				745A7D4620698D78009176A3 /* Debug */,
				745A7D4720698D78009176A3 /* Release */,
			);
			defaultConfigurationIsVisible = 0;
			defaultConfigurationName = Release;
		};
		745A7D4820698D78009176A3 /* Build configuration list for PBXNativeTarget "L02EX04" */ = {
			isa = XCConfigurationList;
			buildConfigurations = (
				745A7D4920698D78009176A3 /* Debug */,
				745A7D4A20698D78009176A3 /* Release */,
			);
			defaultConfigurationIsVisible = 0;
		};
/* End XCConfigurationList section */
	};
	rootObject = 745A7D3920698D78009176A3 /* Project object */;
}
