// !$*UTF8*$!
{
	archiveVersion = 1;
	classes = {
	};
	objectVersion = 46;
	objects = {

/* Begin PBXBuildFile section */
		74428FEA206204B5008DD189 /* main.swift in Sources */ = {isa = PBXBuildFile; fileRef = 74428FE9206204B5008DD189 /* main.swift */; };
		74428FF120620526008DD189 /* Partido.swift in Sources */ = {isa = PBXBuildFile; fileRef = 74428FF020620526008DD189 /* Partido.swift */; };
		74428FF320620EA1008DD189 /* Enum_Sigla.swift in Sources */ = {isa = PBXBuildFile; fileRef = 74428FF220620EA1008DD189 /* Enum_Sigla.swift */; };
		74428FF5206221C4008DD189 /* Politico.swift in Sources */ = {isa = PBXBuildFile; fileRef = 74428FF4206221C4008DD189 /* Politico.swift */; };
/* End PBXBuildFile section */

/* Begin PBXCopyFilesBuildPhase section */
		74428FE4206204B4008DD189 /* CopyFiles */ = {
			isa = PBXCopyFilesBuildPhase;
			buildActionMask = 2147483647;
			dstPath = /usr/share/man/man1/;
			dstSubfolderSpec = 0;
			files = (
			);
			runOnlyForDeploymentPostprocessing = 1;
		};
/* End PBXCopyFilesBuildPhase section */

/* Begin PBXFileReference section */
		74428FE6206204B5008DD189 /* L02EX01 */ = {isa = PBXFileReference; explicitFileType = "compiled.mach-o.executable"; includeInIndex = 0; path = L02EX01; sourceTree = BUILT_PRODUCTS_DIR; };
		74428FE9206204B5008DD189 /* main.swift */ = {isa = PBXFileReference; lastKnownFileType = sourcecode.swift; path = main.swift; sourceTree = "<group>"; };
		74428FF020620526008DD189 /* Partido.swift */ = {isa = PBXFileReference; fileEncoding = 4; lastKnownFileType = sourcecode.swift; path = Partido.swift; sourceTree = "<group>"; };
		74428FF220620EA1008DD189 /* Enum_Sigla.swift */ = {isa = PBXFileReference; fileEncoding = 4; lastKnownFileType = sourcecode.swift; path = Enum_Sigla.swift; sourceTree = "<group>"; };
		74428FF4206221C4008DD189 /* Politico.swift */ = {isa = PBXFileReference; fileEncoding = 4; lastKnownFileType = sourcecode.swift; path = Politico.swift; sourceTree = "<group>"; };
/* End PBXFileReference section */

/* Begin PBXFrameworksBuildPhase section */
		74428FE3206204B4008DD189 /* Frameworks */ = {
			isa = PBXFrameworksBuildPhase;
			buildActionMask = 2147483647;
			files = (
			);
			runOnlyForDeploymentPostprocessing = 0;
		};
/* End PBXFrameworksBuildPhase section */

/* Begin PBXGroup section */
		74428FDD206204B4008DD189 = {
			isa = PBXGroup;
			children = (
				74428FE8206204B5008DD189 /* L02EX01 */,
				74428FE7206204B5008DD189 /* Products */,
			);
			sourceTree = "<group>";
		};
		74428FE7206204B5008DD189 /* Products */ = {
			isa = PBXGroup;
			children = (
				74428FE6206204B5008DD189 /* L02EX01 */,
			);
			name = Products;
			sourceTree = "<group>";
		};
		74428FE8206204B5008DD189 /* L02EX01 */ = {
			isa = PBXGroup;
			children = (
				74428FE9206204B5008DD189 /* main.swift */,
				74428FF020620526008DD189 /* Partido.swift */,
				74428FF220620EA1008DD189 /* Enum_Sigla.swift */,
				74428FF4206221C4008DD189 /* Politico.swift */,
			);
			path = L02EX01;
			sourceTree = "<group>";
		};
/* End PBXGroup section */

/* Begin PBXNativeTarget section */
		74428FE5206204B4008DD189 /* L02EX01 */ = {
			isa = PBXNativeTarget;
			buildConfigurationList = 74428FED206204B5008DD189 /* Build configuration list for PBXNativeTarget "L02EX01" */;
			buildPhases = (
				74428FE2206204B4008DD189 /* Sources */,
				74428FE3206204B4008DD189 /* Frameworks */,
				74428FE4206204B4008DD189 /* CopyFiles */,
			);
			buildRules = (
			);
			dependencies = (
			);
			name = L02EX01;
			productName = L02EX01;
			productReference = 74428FE6206204B5008DD189 /* L02EX01 */;
			productType = "com.apple.product-type.tool";
		};
/* End PBXNativeTarget section */

/* Begin PBXProject section */
		74428FDE206204B4008DD189 /* Project object */ = {
			isa = PBXProject;
			attributes = {
				LastSwiftUpdateCheck = 0810;
				LastUpgradeCheck = 0810;
				ORGANIZATIONNAME = naldinho0707;
				TargetAttributes = {
					74428FE5206204B4008DD189 = {
						CreatedOnToolsVersion = 8.1;
						ProvisioningStyle = Automatic;
					};
				};
			};
			buildConfigurationList = 74428FE1206204B4008DD189 /* Build configuration list for PBXProject "L02EX01" */;
			compatibilityVersion = "Xcode 3.2";
			developmentRegion = English;
			hasScannedForEncodings = 0;
			knownRegions = (
				en,
			);
			mainGroup = 74428FDD206204B4008DD189;
			productRefGroup = 74428FE7206204B5008DD189 /* Products */;
			projectDirPath = "";
			projectRoot = "";
			targets = (
				74428FE5206204B4008DD189 /* L02EX01 */,
			);
		};
/* End PBXProject section */

/* Begin PBXSourcesBuildPhase section */
		74428FE2206204B4008DD189 /* Sources */ = {
			isa = PBXSourcesBuildPhase;
			buildActionMask = 2147483647;
			files = (
				74428FF320620EA1008DD189 /* Enum_Sigla.swift in Sources */,
				74428FF5206221C4008DD189 /* Politico.swift in Sources */,
				74428FEA206204B5008DD189 /* main.swift in Sources */,
				74428FF120620526008DD189 /* Partido.swift in Sources */,
			);
			runOnlyForDeploymentPostprocessing = 0;
		};
/* End PBXSourcesBuildPhase section */

/* Begin XCBuildConfiguration section */
		74428FEB206204B5008DD189 /* Debug */ = {
			isa = XCBuildConfiguration;
			buildSettings = {
				ALWAYS_SEARCH_USER_PATHS = NO;
				CLANG_ANALYZER_NONNULL = YES;
				CLANG_CXX_LANGUAGE_STANDARD = "gnu++0x";
				CLANG_CXX_LIBRARY = "libc++";
				CLANG_ENABLE_MODULES = YES;
				CLANG_ENABLE_OBJC_ARC = YES;
				CLANG_WARN_BOOL_CONVERSION = YES;
				CLANG_WARN_CONSTANT_CONVERSION = YES;
				CLANG_WARN_DIRECT_OBJC_ISA_USAGE = YES_ERROR;
				CLANG_WARN_DOCUMENTATION_COMMENTS = YES;
				CLANG_WARN_EMPTY_BODY = YES;
				CLANG_WARN_ENUM_CONVERSION = YES;
				CLANG_WARN_INFINITE_RECURSION = YES;
				CLANG_WARN_INT_CONVERSION = YES;
				CLANG_WARN_OBJC_ROOT_CLASS = YES_ERROR;
				CLANG_WARN_SUSPICIOUS_MOVES = YES;
				CLANG_WARN_UNREACHABLE_CODE = YES;
				CLANG_WARN__DUPLICATE_METHOD_MATCH = YES;
				CODE_SIGN_IDENTITY = "-";
				COPY_PHASE_STRIP = NO;
				DEBUG_INFORMATION_FORMAT = dwarf;
				ENABLE_STRICT_OBJC_MSGSEND = YES;
				ENABLE_TESTABILITY = YES;
				GCC_C_LANGUAGE_STANDARD = gnu99;
				GCC_DYNAMIC_NO_PIC = NO;
				GCC_NO_COMMON_BLOCKS = YES;
				GCC_OPTIMIZATION_LEVEL = 0;
				GCC_PREPROCESSOR_DEFINITIONS = (
					"DEBUG=1",
					"$(inherited)",
				);
				GCC_WARN_64_TO_32_BIT_CONVERSION = YES;
				GCC_WARN_ABOUT_RETURN_TYPE = YES_ERROR;
				GCC_WARN_UNDECLARED_SELECTOR = YES;
				GCC_WARN_UNINITIALIZED_AUTOS = YES_AGGRESSIVE;
				GCC_WARN_UNUSED_FUNCTION = YES;
				GCC_WARN_UNUSED_VARIABLE = YES;
				MACOSX_DEPLOYMENT_TARGET = 10.12;
				MTL_ENABLE_DEBUG_INFO = YES;
				ONLY_ACTIVE_ARCH = YES;
				SDKROOT = macosx;
				SWIFT_OPTIMIZATION_LEVEL = "-Onone";
			};
			name = Debug;
		};
		74428FEC206204B5008DD189 /* Release */ = {
			isa = XCBuildConfiguration;
			buildSettings = {
				ALWAYS_SEARCH_USER_PATHS = NO;
				CLANG_ANALYZER_NONNULL = YES;
				CLANG_CXX_LANGUAGE_STANDARD = "gnu++0x";
				CLANG_CXX_LIBRARY = "libc++";
				CLANG_ENABLE_MODULES = YES;
				CLANG_ENABLE_OBJC_ARC = YES;
				CLANG_WARN_BOOL_CONVERSION = YES;
				CLANG_WARN_CONSTANT_CONVERSION = YES;
				CLANG_WARN_DIRECT_OBJC_ISA_USAGE = YES_ERROR;
				CLANG_WARN_DOCUMENTATION_COMMENTS = YES;
				CLANG_WARN_EMPTY_BODY = YES;
				CLANG_WARN_ENUM_CONVERSION = YES;
				CLANG_WARN_INFINITE_RECURSION = YES;
				CLANG_WARN_INT_CONVERSION = YES;
				CLANG_WARN_OBJC_ROOT_CLASS = YES_ERROR;
				CLANG_WARN_SUSPICIOUS_MOVES = YES;
				CLANG_WARN_UNREACHABLE_CODE = YES;
				CLANG_WARN__DUPLICATE_METHOD_MATCH = YES;
				CODE_SIGN_IDENTITY = "-";
				COPY_PHASE_STRIP = NO;
				DEBUG_INFORMATION_FORMAT = "dwarf-with-dsym";
				ENABLE_NS_ASSERTIONS = NO;
				ENABLE_STRICT_OBJC_MSGSEND = YES;
				GCC_C_LANGUAGE_STANDARD = gnu99;
				GCC_NO_COMMON_BLOCKS = YES;
				GCC_WARN_64_TO_32_BIT_CONVERSION = YES;
				GCC_WARN_ABOUT_RETURN_TYPE = YES_ERROR;
				GCC_WARN_UNDECLARED_SELECTOR = YES;
				GCC_WARN_UNINITIALIZED_AUTOS = YES_AGGRESSIVE;
				GCC_WARN_UNUSED_FUNCTION = YES;
				GCC_WARN_UNUSED_VARIABLE = YES;
				MACOSX_DEPLOYMENT_TARGET = 10.12;
				MTL_ENABLE_DEBUG_INFO = NO;
				SDKROOT = macosx;
			};
			name = Release;
		};
		74428FEE206204B5008DD189 /* Debug */ = {
			isa = XCBuildConfiguration;
			buildSettings = {
				PRODUCT_NAME = "$(TARGET_NAME)";
				SWIFT_VERSION = 3.0;
			};
			name = Debug;
		};
		74428FEF206204B5008DD189 /* Release */ = {
			isa = XCBuildConfiguration;
			buildSettings = {
				PRODUCT_NAME = "$(TARGET_NAME)";
				SWIFT_VERSION = 3.0;
			};
			name = Release;
		};
/* End XCBuildConfiguration section */

/* Begin XCConfigurationList section */
		74428FE1206204B4008DD189 /* Build configuration list for PBXProject "L02EX01" */ = {
			isa = XCConfigurationList;
			buildConfigurations = (
				74428FEB206204B5008DD189 /* Debug */,
				74428FEC206204B5008DD189 /* Release */,
			);
			defaultConfigurationIsVisible = 0;
			defaultConfigurationName = Release;
		};
		74428FED206204B5008DD189 /* Build configuration list for PBXNativeTarget "L02EX01" */ = {
			isa = XCConfigurationList;
			buildConfigurations = (
				74428FEE206204B5008DD189 /* Debug */,
				74428FEF206204B5008DD189 /* Release */,
			);
			defaultConfigurationIsVisible = 0;
		};
/* End XCConfigurationList section */
	};
	rootObject = 74428FDE206204B4008DD189 /* Project object */;
}
